
Microsoft Visual Studio Solution File, Format Version 12.00
# Visual Studio Version 16
VisualStudioVersion = 16.0.31729.503
MinimumVisualStudioVersion = 10.0.40219.1
Project("{FAE04EC0-301F-11D3-BF4B-00C04F79EFBC}") = "Kredek_PD2", "Kredek_PD2\Kredek_PD2.csproj", "{2F174808-77B9-489E-96C5-95CADB2CBDF7}"
EndProject
Global
	GlobalSection(SolutionConfigurationPlatforms) = preSolution
		Debug|Any CPU = Debug|Any CPU
		Release|Any CPU = Release|Any CPU
	EndGlobalSection
	GlobalSection(ProjectConfigurationPlatforms) = postSolution
		{2F174808-77B9-489E-96C5-95CADB2CBDF7}.Debug|Any CPU.ActiveCfg = Debug|Any CPU
		{2F174808-77B9-489E-96C5-95CADB2CBDF7}.Debug|Any CPU.Build.0 = Debug|Any CPU
		{2F174808-77B9-489E-96C5-95CADB2CBDF7}.Release|Any CPU.ActiveCfg = Release|Any CPU
		{2F174808-77B9-489E-96C5-95CADB2CBDF7}.Release|Any CPU.Build.0 = Release|Any CPU
	EndGlobalSection
	GlobalSection(SolutionProperties) = preSolution
		HideSolutionNode = FALSE
	EndGlobalSection
	GlobalSection(ExtensibilityGlobals) = postSolution
		SolutionGuid = {E8ED2572-DF63-4802-8676-3B06E556B69F}
	EndGlobalSection
EndGlobal
