
Microsoft Visual Studio Solution File, Format Version 12.00
# Visual Studio Version 16
VisualStudioVersion = 16.0.31729.503
MinimumVisualStudioVersion = 10.0.40219.1
Project("{FAE04EC0-301F-11D3-BF4B-00C04F79EFBC}") = "Jędrzej Czykier laboratorium", "Jędrzej Czykier laboratorium\Jędrzej Czykier laboratorium.csproj", "{ADBD09A5-66F2-4476-8CDE-21E26DB21C79}"
EndProject
Global
	GlobalSection(SolutionConfigurationPlatforms) = preSolution
		Debug|Any CPU = Debug|Any CPU
		Release|Any CPU = Release|Any CPU
	EndGlobalSection
	GlobalSection(ProjectConfigurationPlatforms) = postSolution
		{ADBD09A5-66F2-4476-8CDE-21E26DB21C79}.Debug|Any CPU.ActiveCfg = Debug|Any CPU
		{ADBD09A5-66F2-4476-8CDE-21E26DB21C79}.Debug|Any CPU.Build.0 = Debug|Any CPU
		{ADBD09A5-66F2-4476-8CDE-21E26DB21C79}.Release|Any CPU.ActiveCfg = Release|Any CPU
		{ADBD09A5-66F2-4476-8CDE-21E26DB21C79}.Release|Any CPU.Build.0 = Release|Any CPU
	EndGlobalSection
	GlobalSection(SolutionProperties) = preSolution
		HideSolutionNode = FALSE
	EndGlobalSection
	GlobalSection(ExtensibilityGlobals) = postSolution
		SolutionGuid = {ED3DFE09-F471-4F99-86C5-BD60F9A7CC80}
	EndGlobalSection
EndGlobal
